# This file is automatically @generated by Cargo.
# It is not intended for manual editing.
version = 4

[[package]]
name = "bit_field"
version = "0.10.3"
source = "registry+https://github.com/rust-lang/crates.io-index"
checksum = "1e4b40c7323adcfc0a41c4b88143ed58346ff65a288fc144329c5c45e05d70c6"

[[package]]
name = "bitflags"
version = "2.11.1"
source = "registry+https://github.com/rust-lang/crates.io-index"
checksum = "c4512299f36f043ab09a583e57bceb5a5aab7a73db1805848e8fef3c9e8c78b3"

[[package]]
name = "const_fn"
version = "0.4.12"
source = "registry+https://github.com/rust-lang/crates.io-index"
checksum = "413d67b29ef1021b4d60f4aa1e925ca031751e213832b4b1d588fae623c05c60"

[[package]]
name = "rustversion"
version = "1.0.22"
source = "registry+https://github.com/rust-lang/crates.io-index"
checksum = "b39cdef0fa800fc44525c84ccb54a029961a8215f9619753635a9c0d2538d46d"

[[package]]
name = "volatile"
version = "0.4.6"
source = "registry+https://github.com/rust-lang/crates.io-index"
checksum = "442887c63f2c839b346c192d047a7c87e73d0689c9157b00b53dcc27dd5ea793"

[[package]]
name = "x86_64"
version = "0.15.4"
source = "registry+https://github.com/rust-lang/crates.io-index"
checksum = "f7841fa0098ceb15c567d93d3fae292c49e10a7662b4936d5f6a9728594555ba"
dependencies = [
 "bit_field",
 "bitflags",
 "const_fn",
 "rustversion",
 "volatile",
]

[[package]]
name = "zenus"
version = "0.1.0"
dependencies = [
 "x86_64",
 "zenus-arch",
 "zenus-console",
 "zenus-fs",
 "zenus-mem",
 "zenus-net",
 "zenus-ns",
 "zenus-sched",
 "zenus-sync",
 "zenus-syscall",
 "zenus-virtio",
 "zutils_cat",
 "zutils_chmod",
 "zutils_chown",
 "zutils_clear",
 "zutils_common",
 "zutils_cp",
 "zutils_df",
 "zutils_dmesg",
 "zutils_du",
 "zutils_echo",
 "zutils_find",
 "zutils_grep",
 "zutils_help",
 "zutils_id",
 "zutils_ifconfig",
 "zutils_kill",
 "zutils_ls",
 "zutils_meminfo",
 "zutils_mkdir",
 "zutils_mount",
 "zutils_mv",
 "zutils_ps",
 "zutils_pwd",
 "zutils_reboot",
 "zutils_rm",
 "zutils_shutdown",
 "zutils_timer",
 "zutils_touch",
 "zutils_uname",
 "zutils_whoami",
]

[[package]]
name = "zenus-arch"
version = "0.1.0"
dependencies = [
 "x86_64",
 "zenus-console",
 "zenus-mem",
 "zenus-sync",
]

[[package]]
name = "zenus-console"
version = "0.1.0"
dependencies = [
 "x86_64",
 "zenus-sync",
]

[[package]]
name = "zenus-fs"
version = "0.1.0"
dependencies = [
 "x86_64",
 "zenus-console",
 "zenus-mem",
 "zenus-ns",
 "zenus-sync",
]

[[package]]
name = "zenus-mem"
version = "0.1.0"
dependencies = [
 "x86_64",
 "zenus-console",
 "zenus-sync",
]

[[package]]
name = "zenus-net"
version = "0.1.0"
dependencies = [
 "x86_64",
 "zenus-arch",
 "zenus-console",
 "zenus-fs",
 "zenus-mem",
 "zenus-sched",
 "zenus-sync",
 "zenus-virtio",
 "zutils_cat",
 "zutils_common",
 "zutils_dmesg",
 "zutils_echo",
 "zutils_help",
 "zutils_id",
 "zutils_ls",
 "zutils_meminfo",
 "zutils_ps",
 "zutils_uname",
 "zutils_whoami",
]

[[package]]
name = "zenus-ns"
version = "0.1.0"
dependencies = [
 "x86_64",
 "zenus-console",
 "zenus-sync",
]

[[package]]
name = "zenus-sched"
version = "0.1.0"
dependencies = [
 "x86_64",
 "zenus-arch",
 "zenus-console",
 "zenus-fs",
 "zenus-mem",
 "zenus-ns",
 "zenus-sync",
]

[[package]]
name = "zenus-sync"
version = "0.1.0"
dependencies = [
 "x86_64",
]

[[package]]
name = "zenus-syscall"
version = "0.1.0"
dependencies = [
 "x86_64",
 "zenus-arch",
 "zenus-console",
 "zenus-fs",
 "zenus-mem",
 "zenus-ns",
 "zenus-sched",
 "zenus-sync",
]

[[package]]
name = "zenus-virtio"
version = "0.1.0"
dependencies = [
 "x86_64",
 "zenus-arch",
 "zenus-console",
 "zenus-fs",
 "zenus-mem",
 "zenus-sync",
]

[[package]]
name = "zutils_cat"
version = "0.1.0"
dependencies = [
 "zenus-fs",
 "zutils_common",
]

[[package]]
name = "zutils_chmod"
version = "0.1.0"
dependencies = [
 "zenus-fs",
 "zutils_common",
]

[[package]]
name = "zutils_chown"
version = "0.1.0"
dependencies = [
 "zenus-fs",
 "zutils_common",
]

[[package]]
name = "zutils_clear"
version = "0.1.0"
dependencies = [
 "zutils_common",
]

[[package]]
name = "zutils_common"
version = "0.1.0"

[[package]]
name = "zutils_cp"
version = "0.1.0"
dependencies = [
 "zenus-fs",
 "zutils_common",
]

[[package]]
name = "zutils_df"
version = "0.1.0"
dependencies = [
 "zutils_common",
]

[[package]]
name = "zutils_dmesg"
version = "0.1.0"
dependencies = [
 "zenus-console",
 "zutils_common",
]

[[package]]
name = "zutils_du"
version = "0.1.0"
dependencies = [
 "zenus-fs",
 "zutils_common",
]

[[package]]
name = "zutils_echo"
version = "0.1.0"
dependencies = [
 "zutils_common",
]

[[package]]
name = "zutils_find"
version = "0.1.0"
dependencies = [
 "zenus-fs",
 "zutils_common",
]

[[package]]
name = "zutils_grep"
version = "0.1.0"
dependencies = [
 "zenus-fs",
 "zutils_common",
]

[[package]]
name = "zutils_help"
version = "0.1.0"
dependencies = [
 "zutils_common",
]

[[package]]
name = "zutils_id"
version = "0.1.0"
dependencies = [
 "zenus-sched",
 "zutils_common",
]

[[package]]
name = "zutils_ifconfig"
version = "0.1.0"
dependencies = [
 "zenus-net",
 "zutils_common",
]

[[package]]
name = "zutils_kill"
version = "0.1.0"
dependencies = [
 "zenus-sched",
 "zutils_common",
]

[[package]]
name = "zutils_ls"
version = "0.1.0"
dependencies = [
 "zenus-fs",
 "zutils_common",
]

[[package]]
name = "zutils_meminfo"
version = "0.1.0"
dependencies = [
 "zenus-mem",
 "zutils_common",
]

[[package]]
name = "zutils_mkdir"
version = "0.1.0"
dependencies = [
 "zenus-fs",
 "zutils_common",
]

[[package]]
name = "zutils_mount"
version = "0.1.0"
dependencies = [
 "zenus-fs",
 "zenus-sched",
 "zutils_common",
]

[[package]]
name = "zutils_mv"
version = "0.1.0"
dependencies = [
 "zenus-fs",
 "zutils_common",
]

[[package]]
name = "zutils_ps"
version = "0.1.0"
dependencies = [
 "zenus-sched",
 "zutils_common",
]

[[package]]
name = "zutils_pwd"
version = "0.1.0"
dependencies = [
 "zutils_common",
]

[[package]]
name = "zutils_reboot"
version = "0.1.0"
dependencies = [
 "zenus-arch",
 "zutils_common",
]

[[package]]
name = "zutils_rm"
version = "0.1.0"
dependencies = [
 "zenus-fs",
 "zutils_common",
]

[[package]]
name = "zutils_shutdown"
version = "0.1.0"
dependencies = [
 "zenus-arch",
 "zutils_common",
]

[[package]]
name = "zutils_timer"
version = "0.1.0"
dependencies = [
 "zenus-arch",
 "zutils_common",
]

[[package]]
name = "zutils_touch"
version = "0.1.0"
dependencies = [
 "zenus-fs",
 "zutils_common",
]

[[package]]
name = "zutils_uname"
version = "0.1.0"
dependencies = [
 "zutils_common",
]

[[package]]
name = "zutils_whoami"
version = "0.1.0"
dependencies = [
 "zutils_common",
]
