# This file is automatically @generated by Cargo.
# It is not intended for manual editing.
version = 4

[[package]]
name = "args"
version = "0.1.0"

[[package]]
name = "cat"
version = "0.1.0"

[[package]]
name = "echo"
version = "0.1.0"

[[package]]
name = "exitonly"
version = "0.1.0"

[[package]]
name = "hello"
version = "0.1.0"

[[package]]
name = "minimal"
version = "0.1.0"

[[package]]
name = "pipe_test"
version = "0.1.0"
dependencies = [
 "syscall_core",
]

[[package]]
name = "syscall_core"
version = "0.1.0"

[[package]]
name = "writetest"
version = "0.1.0"
dependencies = [
 "syscall_core",
]
